Microsoft Visual Studio Solution File, Format Version 12.00
# Visual Studio Version 17
VisualStudioVersion = 17.5.2.0
MinimumVisualStudioVersion = 10.0.40219.1
Project("{FAE04EC0-301F-11D3-BF4B-00C04F79EFBC}") = "auth-servce", "auth-servce\auth-servce.csproj", "{DB2793CE-AB2D-40DD-F8A3-794F479469DF}"
EndProject
Global
	GlobalSection(SolutionConfigurationPlatforms) = preSolution
		Debug|Any CPU = Debug|Any CPU
		Release|Any CPU = Release|Any CPU
	EndGlobalSection
	GlobalSection(ProjectConfigurationPlatforms) = postSolution
		{DB2793CE-AB2D-40DD-F8A3-794F479469DF}.Debug|Any CPU.ActiveCfg = Debug|Any CPU
		{DB2793CE-AB2D-40DD-F8A3-794F479469DF}.Debug|Any CPU.Build.0 = Debug|Any CPU
		{DB2793CE-AB2D-40DD-F8A3-794F479469DF}.Release|Any CPU.ActiveCfg = Release|Any CPU
		{DB2793CE-AB2D-40DD-F8A3-794F479469DF}.Release|Any CPU.Build.0 = Release|Any CPU
	EndGlobalSection
	GlobalSection(SolutionProperties) = preSolution
		HideSolutionNode = FALSE
	EndGlobalSection
	GlobalSection(ExtensibilityGlobals) = postSolution
		SolutionGuid = {72EA9E8B-3DF5-4F3C-9219-E9F2E0DB2679}
	EndGlobalSection
EndGlobal
